
Microsoft Visual Studio Solution File, Format Version 12.00
# Visual Studio Version 16
VisualStudioVersion = 16.0.33920.266
MinimumVisualStudioVersion = 10.0.40219.1
Project("{FAE04EC0-301F-11D3-BF4B-00C04F79EFBC}") = "C sharp 6.0", "C sharp 6.0\C sharp 6.0.csproj", "{14972B06-9A4D-45FF-BED7-4C7B99A1EF3F}"
EndProject
Project("{FAE04EC0-301F-11D3-BF4B-00C04F79EFBC}") = "chapter3", "chapter3\chapter3.csproj", "{45204128-9D8D-41DE-BC68-8F2A3528E414}"
EndProject
Project("{FAE04EC0-301F-11D3-BF4B-00C04F79EFBC}") = "chapter4", "chapter4\chapter4.csproj", "{6421C4B0-7E4D-4C86-9C06-ADE478616E0B}"
EndProject
Global
	GlobalSection(SolutionConfigurationPlatforms) = preSolution
		Debug|Any CPU = Debug|Any CPU
		Release|Any CPU = Release|Any CPU
	EndGlobalSection
	GlobalSection(ProjectConfigurationPlatforms) = postSolution
		{14972B06-9A4D-45FF-BED7-4C7B99A1EF3F}.Debug|Any CPU.ActiveCfg = Debug|Any CPU
		{14972B06-9A4D-45FF-BED7-4C7B99A1EF3F}.Debug|Any CPU.Build.0 = Debug|Any CPU
		{14972B06-9A4D-45FF-BED7-4C7B99A1EF3F}.Release|Any CPU.ActiveCfg = Release|Any CPU
		{14972B06-9A4D-45FF-BED7-4C7B99A1EF3F}.Release|Any CPU.Build.0 = Release|Any CPU
		{45204128-9D8D-41DE-BC68-8F2A3528E414}.Debug|Any CPU.ActiveCfg = Debug|Any CPU
		{45204128-9D8D-41DE-BC68-8F2A3528E414}.Debug|Any CPU.Build.0 = Debug|Any CPU
		{45204128-9D8D-41DE-BC68-8F2A3528E414}.Release|Any CPU.ActiveCfg = Release|Any CPU
		{45204128-9D8D-41DE-BC68-8F2A3528E414}.Release|Any CPU.Build.0 = Release|Any CPU
		{6421C4B0-7E4D-4C86-9C06-ADE478616E0B}.Debug|Any CPU.ActiveCfg = Debug|Any CPU
		{6421C4B0-7E4D-4C86-9C06-ADE478616E0B}.Debug|Any CPU.Build.0 = Debug|Any CPU
		{6421C4B0-7E4D-4C86-9C06-ADE478616E0B}.Release|Any CPU.ActiveCfg = Release|Any CPU
		{6421C4B0-7E4D-4C86-9C06-ADE478616E0B}.Release|Any CPU.Build.0 = Release|Any CPU
	EndGlobalSection
	GlobalSection(SolutionProperties) = preSolution
		HideSolutionNode = FALSE
	EndGlobalSection
	GlobalSection(ExtensibilityGlobals) = postSolution
		SolutionGuid = {E6FDB526-2FE6-4962-A75E-8096DA69806E}
	EndGlobalSection
EndGlobal
